
Microsoft Visual Studio Solution File, Format Version 12.00
# Visual Studio 2012
Project("{FAE04EC0-301F-11D3-BF4B-00C04F79EFBC}") = "Trellendar.Logic", "Trellendar.Logic\Trellendar.Logic.csproj", "{A942EBCD-E98B-419E-BFF1-FD02F6D2E1CE}"
EndProject
Project("{FAE04EC0-301F-11D3-BF4B-00C04F79EFBC}") = "Trellendar.Service", "Trellendar.Service\Trellendar.Service.csproj", "{C69DF65D-BBB1-49E1-9B0E-88590E45E70E}"
EndProject
Project("{FAE04EC0-301F-11D3-BF4B-00C04F79EFBC}") = "Trellendar.Core", "Trellendar.Core\Trellendar.Core.csproj", "{E30FFAF5-F4AF-46FB-AA26-1930869827F4}"
EndProject
Project("{FAE04EC0-301F-11D3-BF4B-00C04F79EFBC}") = "Trellendar.Domain", "Trellendar.Domain\Trellendar.Domain.csproj", "{807DB49A-6335-4948-8700-B856A876B019}"
EndProject
Project("{FAE04EC0-301F-11D3-BF4B-00C04F79EFBC}") = "Trellendar.DataAccess", "Trellendar.DataAccess\Trellendar.DataAccess.csproj", "{63D0CA96-2FBB-4E7E-A2C9-81905019FAC7}"
EndProject
Project("{2150E333-8FDC-42A3-9474-1A3956D46DE8}") = "0. Core", "0. Core", "{2808CA8A-1D97-4F67-9DF5-8825B3F08AD6}"
EndProject
Project("{2150E333-8FDC-42A3-9474-1A3956D46DE8}") = "1. Domain", "1. Domain", "{855E6D75-DF88-4D9D-9893-AD7A94E4339D}"
EndProject
Project("{2150E333-8FDC-42A3-9474-1A3956D46DE8}") = "2. DataAccess", "2. DataAccess", "{72473A3D-DD35-499C-B5A1-E5A4037BFF52}"
EndProject
Project("{2150E333-8FDC-42A3-9474-1A3956D46DE8}") = "3. Logic", "3. Logic", "{73D4F789-3048-4F3B-9A00-9F4B2F69A0EA}"
EndProject
Project("{2150E333-8FDC-42A3-9474-1A3956D46DE8}") = "4. Presentation", "4. Presentation", "{01B1A08B-E1DE-4BB8-AE2D-50FCFDA066CE}"
EndProject
Project("{FAE04EC0-301F-11D3-BF4B-00C04F79EFBC}") = "Trellendar.AuthorizationConsole", "Trellendar.AuthorizationConsole\Trellendar.AuthorizationConsole.csproj", "{3B5596C8-B5B4-4133-99A3-0F9BBC0E4D4B}"
EndProject
Global
	GlobalSection(SolutionConfigurationPlatforms) = preSolution
		Debug|Any CPU = Debug|Any CPU
		Release|Any CPU = Release|Any CPU
	EndGlobalSection
	GlobalSection(ProjectConfigurationPlatforms) = postSolution
		{A942EBCD-E98B-419E-BFF1-FD02F6D2E1CE}.Debug|Any CPU.ActiveCfg = Debug|Any CPU
		{A942EBCD-E98B-419E-BFF1-FD02F6D2E1CE}.Debug|Any CPU.Build.0 = Debug|Any CPU
		{A942EBCD-E98B-419E-BFF1-FD02F6D2E1CE}.Release|Any CPU.ActiveCfg = Release|Any CPU
		{A942EBCD-E98B-419E-BFF1-FD02F6D2E1CE}.Release|Any CPU.Build.0 = Release|Any CPU
		{C69DF65D-BBB1-49E1-9B0E-88590E45E70E}.Debug|Any CPU.ActiveCfg = Debug|Any CPU
		{C69DF65D-BBB1-49E1-9B0E-88590E45E70E}.Debug|Any CPU.Build.0 = Debug|Any CPU
		{C69DF65D-BBB1-49E1-9B0E-88590E45E70E}.Release|Any CPU.ActiveCfg = Release|Any CPU
		{C69DF65D-BBB1-49E1-9B0E-88590E45E70E}.Release|Any CPU.Build.0 = Release|Any CPU
		{E30FFAF5-F4AF-46FB-AA26-1930869827F4}.Debug|Any CPU.ActiveCfg = Debug|Any CPU
		{E30FFAF5-F4AF-46FB-AA26-1930869827F4}.Debug|Any CPU.Build.0 = Debug|Any CPU
		{E30FFAF5-F4AF-46FB-AA26-1930869827F4}.Release|Any CPU.ActiveCfg = Release|Any CPU
		{E30FFAF5-F4AF-46FB-AA26-1930869827F4}.Release|Any CPU.Build.0 = Release|Any CPU
		{807DB49A-6335-4948-8700-B856A876B019}.Debug|Any CPU.ActiveCfg = Debug|Any CPU
		{807DB49A-6335-4948-8700-B856A876B019}.Debug|Any CPU.Build.0 = Debug|Any CPU
		{807DB49A-6335-4948-8700-B856A876B019}.Release|Any CPU.ActiveCfg = Release|Any CPU
		{807DB49A-6335-4948-8700-B856A876B019}.Release|Any CPU.Build.0 = Release|Any CPU
		{63D0CA96-2FBB-4E7E-A2C9-81905019FAC7}.Debug|Any CPU.ActiveCfg = Debug|Any CPU
		{63D0CA96-2FBB-4E7E-A2C9-81905019FAC7}.Debug|Any CPU.Build.0 = Debug|Any CPU
		{63D0CA96-2FBB-4E7E-A2C9-81905019FAC7}.Release|Any CPU.ActiveCfg = Release|Any CPU
		{63D0CA96-2FBB-4E7E-A2C9-81905019FAC7}.Release|Any CPU.Build.0 = Release|Any CPU
		{3B5596C8-B5B4-4133-99A3-0F9BBC0E4D4B}.Debug|Any CPU.ActiveCfg = Debug|Any CPU
		{3B5596C8-B5B4-4133-99A3-0F9BBC0E4D4B}.Debug|Any CPU.Build.0 = Debug|Any CPU
		{3B5596C8-B5B4-4133-99A3-0F9BBC0E4D4B}.Release|Any CPU.ActiveCfg = Release|Any CPU
		{3B5596C8-B5B4-4133-99A3-0F9BBC0E4D4B}.Release|Any CPU.Build.0 = Release|Any CPU
	EndGlobalSection
	GlobalSection(SolutionProperties) = preSolution
		HideSolutionNode = FALSE
	EndGlobalSection
	GlobalSection(NestedProjects) = preSolution
		{E30FFAF5-F4AF-46FB-AA26-1930869827F4} = {2808CA8A-1D97-4F67-9DF5-8825B3F08AD6}
		{807DB49A-6335-4948-8700-B856A876B019} = {855E6D75-DF88-4D9D-9893-AD7A94E4339D}
		{63D0CA96-2FBB-4E7E-A2C9-81905019FAC7} = {72473A3D-DD35-499C-B5A1-E5A4037BFF52}
		{A942EBCD-E98B-419E-BFF1-FD02F6D2E1CE} = {73D4F789-3048-4F3B-9A00-9F4B2F69A0EA}
		{C69DF65D-BBB1-49E1-9B0E-88590E45E70E} = {01B1A08B-E1DE-4BB8-AE2D-50FCFDA066CE}
		{3B5596C8-B5B4-4133-99A3-0F9BBC0E4D4B} = {01B1A08B-E1DE-4BB8-AE2D-50FCFDA066CE}
	EndGlobalSection
EndGlobal
